// !$*UTF8*$!
{
	archiveVersion = 1;
	classes = {
	};
	objectVersion = 56;
	objects = {

/* Begin PBXBuildFile section */
		985D73A62A7482ED001A0DFF /* SwitchboardSDK in Frameworks */ = {isa = PBXBuildFile; productRef = 985D73A52A7482ED001A0DFF /* SwitchboardSDK */; };
		985D73A82A7482ED001A0DFF /* SwitchboardSuperpowered in Frameworks */ = {isa = PBXBuildFile; productRef = 985D73A72A7482ED001A0DFF /* SwitchboardSuperpowered */; };
		985D73AA2A7482ED001A0DFF /* SwitchboardUI in Frameworks */ = {isa = PBXBuildFile; productRef = 985D73A92A7482ED001A0DFF /* SwitchboardUI */; };
		986BD5C12B8CD2AA00AF212E /* GuitarEffectAppUITests.swift in Sources */ = {isa = PBXBuildFile; fileRef = 986BD5C02B8CD2AA00AF212E /* GuitarEffectAppUITests.swift */; };
		98F7AF5A2A488183004D526B /* AppDelegate.swift in Sources */ = {isa = PBXBuildFile; fileRef = 98F7AF592A488183004D526B /* AppDelegate.swift */; };
		98F7AF5C2A488183004D526B /* SceneDelegate.swift in Sources */ = {isa = PBXBuildFile; fileRef = 98F7AF5B2A488183004D526B /* SceneDelegate.swift */; };
		98F7AF5E2A488183004D526B /* ViewController.swift in Sources */ = {isa = PBXBuildFile; fileRef = 98F7AF5D2A488183004D526B /* ViewController.swift */; };
		98F7AF612A488183004D526B /* Main.storyboard in Resources */ = {isa = PBXBuildFile; fileRef = 98F7AF5F2A488183004D526B /* Main.storyboard */; };
		98F7AF632A488183004D526B /* Assets.xcassets in Resources */ = {isa = PBXBuildFile; fileRef = 98F7AF622A488183004D526B /* Assets.xcassets */; };
		98F7AF662A488183004D526B /* LaunchScreen.storyboard in Resources */ = {isa = PBXBuildFile; fileRef = 98F7AF642A488183004D526B /* LaunchScreen.storyboard */; };
		98F7AF7D2A488DCF004D526B /* GuitarEffectEngine.swift in Sources */ = {isa = PBXBuildFile; fileRef = 98F7AF7C2A488DCF004D526B /* GuitarEffectEngine.swift */; };
/* End PBXBuildFile section */

/* Begin PBXContainerItemProxy section */
		986BD5C42B8CD2AA00AF212E /* PBXContainerItemProxy */ = {
			isa = PBXContainerItemProxy;
			containerPortal = 98F7AF4E2A488183004D526B /* Project object */;
			proxyType = 1;
			remoteGlobalIDString = 98F7AF552A488183004D526B;
			remoteInfo = GuitarEffectApp;
		};
/* End PBXContainerItemProxy section */

/* Begin PBXFileReference section */
		986BD5BE2B8CD2AA00AF212E /* GuitarEffectAppUITests.xctest */ = {isa = PBXFileReference; explicitFileType = wrapper.cfbundle; includeInIndex = 0; path = GuitarEffectAppUITests.xctest; sourceTree = BUILT_PRODUCTS_DIR; };
		986BD5C02B8CD2AA00AF212E /* GuitarEffectAppUITests.swift */ = {isa = PBXFileReference; lastKnownFileType = sourcecode.swift; path = GuitarEffectAppUITests.swift; sourceTree = "<group>"; };
		98F7AF562A488183004D526B /* GuitarEffectApp.app */ = {isa = PBXFileReference; explicitFileType = wrapper.application; includeInIndex = 0; path = GuitarEffectApp.app; sourceTree = BUILT_PRODUCTS_DIR; };
		98F7AF592A488183004D526B /* AppDelegate.swift */ = {isa = PBXFileReference; lastKnownFileType = sourcecode.swift; path = AppDelegate.swift; sourceTree = "<group>"; };
		98F7AF5B2A488183004D526B /* SceneDelegate.swift */ = {isa = PBXFileReference; lastKnownFileType = sourcecode.swift; path = SceneDelegate.swift; sourceTree = "<group>"; };
		98F7AF5D2A488183004D526B /* ViewController.swift */ = {isa = PBXFileReference; lastKnownFileType = sourcecode.swift; path = ViewController.swift; sourceTree = "<group>"; };
		98F7AF602A488183004D526B /* Base */ = {isa = PBXFileReference; lastKnownFileType = file.storyboard; name = Base; path = Base.lproj/Main.storyboard; sourceTree = "<group>"; };
		98F7AF622A488183004D526B /* Assets.xcassets */ = {isa = PBXFileReference; lastKnownFileType = folder.assetcatalog; path = Assets.xcassets; sourceTree = "<group>"; };
		98F7AF652A488183004D526B /* Base */ = {isa = PBXFileReference; lastKnownFileType = file.storyboard; name = Base; path = Base.lproj/LaunchScreen.storyboard; sourceTree = "<group>"; };
		98F7AF672A488183004D526B /* Info.plist */ = {isa = PBXFileReference; lastKnownFileType = text.plist.xml; path = Info.plist; sourceTree = "<group>"; };
		98F7AF7C2A488DCF004D526B /* GuitarEffectEngine.swift */ = {isa = PBXFileReference; lastKnownFileType = sourcecode.swift; path = GuitarEffectEngine.swift; sourceTree = "<group>"; };
/* End PBXFileReference section */

/* Begin PBXFrameworksBuildPhase section */
		986BD5BB2B8CD2AA00AF212E /* Frameworks */ = {
			isa = PBXFrameworksBuildPhase;
			buildActionMask = 2147483647;
			files = (
			);
			runOnlyForDeploymentPostprocessing = 0;
		};
		98F7AF532A488183004D526B /* Frameworks */ = {
			isa = PBXFrameworksBuildPhase;
			buildActionMask = 2147483647;
			files = (
				985D73A82A7482ED001A0DFF /* SwitchboardSuperpowered in Frameworks */,
				985D73A62A7482ED001A0DFF /* SwitchboardSDK in Frameworks */,
				985D73AA2A7482ED001A0DFF /* SwitchboardUI in Frameworks */,
			);
			runOnlyForDeploymentPostprocessing = 0;
		};
/* End PBXFrameworksBuildPhase section */

/* Begin PBXGroup section */
		986BD5BF2B8CD2AA00AF212E /* GuitarEffectAppUITests */ = {
			isa = PBXGroup;
			children = (
				986BD5C02B8CD2AA00AF212E /* GuitarEffectAppUITests.swift */,
			);
			path = GuitarEffectAppUITests;
			sourceTree = "<group>";
		};
		98F7AF4D2A488183004D526B = {
			isa = PBXGroup;
			children = (
				98F7AF582A488183004D526B /* GuitarEffectApp */,
				986BD5BF2B8CD2AA00AF212E /* GuitarEffectAppUITests */,
				98F7AF572A488183004D526B /* Products */,
				98F7AF6D2A4881B3004D526B /* Frameworks */,
			);
			sourceTree = "<group>";
		};
		98F7AF572A488183004D526B /* Products */ = {
			isa = PBXGroup;
			children = (
				98F7AF562A488183004D526B /* GuitarEffectApp.app */,
				986BD5BE2B8CD2AA00AF212E /* GuitarEffectAppUITests.xctest */,
			);
			name = Products;
			sourceTree = "<group>";
		};
		98F7AF582A488183004D526B /* GuitarEffectApp */ = {
			isa = PBXGroup;
			children = (
				98F7AF592A488183004D526B /* AppDelegate.swift */,
				98F7AF5B2A488183004D526B /* SceneDelegate.swift */,
				98F7AF5D2A488183004D526B /* ViewController.swift */,
				98F7AF7C2A488DCF004D526B /* GuitarEffectEngine.swift */,
				98F7AF5F2A488183004D526B /* Main.storyboard */,
				98F7AF622A488183004D526B /* Assets.xcassets */,
				98F7AF642A488183004D526B /* LaunchScreen.storyboard */,
				98F7AF672A488183004D526B /* Info.plist */,
			);
			path = GuitarEffectApp;
			sourceTree = "<group>";
		};
		98F7AF6D2A4881B3004D526B /* Frameworks */ = {
			isa = PBXGroup;
			children = (
			);
			name = Frameworks;
			sourceTree = "<group>";
		};
/* End PBXGroup section */

/* Begin PBXNativeTarget section */
		986BD5BD2B8CD2AA00AF212E /* GuitarEffectAppUITests */ = {
			isa = PBXNativeTarget;
			buildConfigurationList = 986BD5C62B8CD2AA00AF212E /* Build configuration list for PBXNativeTarget "GuitarEffectAppUITests" */;
			buildPhases = (
				986BD5BA2B8CD2AA00AF212E /* Sources */,
				986BD5BB2B8CD2AA00AF212E /* Frameworks */,
				986BD5BC2B8CD2AA00AF212E /* Resources */,
			);
			buildRules = (
			);
			dependencies = (
				986BD5C52B8CD2AA00AF212E /* PBXTargetDependency */,
			);
			name = GuitarEffectAppUITests;
			productName = GuitarEffectAppUITests;
			productReference = 986BD5BE2B8CD2AA00AF212E /* GuitarEffectAppUITests.xctest */;
			productType = "com.apple.product-type.bundle.ui-testing";
		};
		98F7AF552A488183004D526B /* GuitarEffectApp */ = {
			isa = PBXNativeTarget;
			buildConfigurationList = 98F7AF6A2A488183004D526B /* Build configuration list for PBXNativeTarget "GuitarEffectApp" */;
			buildPhases = (
				98F7AF522A488183004D526B /* Sources */,
				98F7AF532A488183004D526B /* Frameworks */,
				98F7AF542A488183004D526B /* Resources */,
			);
			buildRules = (
			);
			dependencies = (
			);
			name = GuitarEffectApp;
			packageProductDependencies = (
				985D73A52A7482ED001A0DFF /* SwitchboardSDK */,
				985D73A72A7482ED001A0DFF /* SwitchboardSuperpowered */,
				985D73A92A7482ED001A0DFF /* SwitchboardUI */,
			);
			productName = GuitarEffectApp;
			productReference = 98F7AF562A488183004D526B /* GuitarEffectApp.app */;
			productType = "com.apple.product-type.application";
		};
/* End PBXNativeTarget section */

/* Begin PBXProject section */
		98F7AF4E2A488183004D526B /* Project object */ = {
			isa = PBXProject;
			attributes = {
				BuildIndependentTargetsInParallel = 1;
				LastSwiftUpdateCheck = 1520;
				LastUpgradeCheck = 1430;
				TargetAttributes = {
					986BD5BD2B8CD2AA00AF212E = {
						CreatedOnToolsVersion = 15.2;
						TestTargetID = 98F7AF552A488183004D526B;
					};
					98F7AF552A488183004D526B = {
						CreatedOnToolsVersion = 14.3.1;
					};
				};
			};
			buildConfigurationList = 98F7AF512A488183004D526B /* Build configuration list for PBXProject "GuitarEffectApp" */;
			compatibilityVersion = "Xcode 14.0";
			developmentRegion = en;
			hasScannedForEncodings = 0;
			knownRegions = (
				en,
				Base,
			);
			mainGroup = 98F7AF4D2A488183004D526B;
			packageReferences = (
				985D73A42A7482ED001A0DFF /* XCRemoteSwiftPackageReference "switchboard-sdk-ios" */,
			);
			productRefGroup = 98F7AF572A488183004D526B /* Products */;
			projectDirPath = "";
			projectRoot = "";
			targets = (
				98F7AF552A488183004D526B /* GuitarEffectApp */,
				986BD5BD2B8CD2AA00AF212E /* GuitarEffectAppUITests */,
			);
		};
/* End PBXProject section */

/* Begin PBXResourcesBuildPhase section */
		986BD5BC2B8CD2AA00AF212E /* Resources */ = {
			isa = PBXResourcesBuildPhase;
			buildActionMask = 2147483647;
			files = (
			);
			runOnlyForDeploymentPostprocessing = 0;
		};
		98F7AF542A488183004D526B /* Resources */ = {
			isa = PBXResourcesBuildPhase;
			buildActionMask = 2147483647;
			files = (
				98F7AF662A488183004D526B /* LaunchScreen.storyboard in Resources */,
				98F7AF632A488183004D526B /* Assets.xcassets in Resources */,
				98F7AF612A488183004D526B /* Main.storyboard in Resources */,
			);
			runOnlyForDeploymentPostprocessing = 0;
		};
/* End PBXResourcesBuildPhase section */

/* Begin PBXSourcesBuildPhase section */
		986BD5BA2B8CD2AA00AF212E /* Sources */ = {
			isa = PBXSourcesBuildPhase;
			buildActionMask = 2147483647;
			files = (
				986BD5C12B8CD2AA00AF212E /* GuitarEffectAppUITests.swift in Sources */,
			);
			runOnlyForDeploymentPostprocessing = 0;
		};
		98F7AF522A488183004D526B /* Sources */ = {
			isa = PBXSourcesBuildPhase;
			buildActionMask = 2147483647;
			files = (
				98F7AF5E2A488183004D526B /* ViewController.swift in Sources */,
				98F7AF5A2A488183004D526B /* AppDelegate.swift in Sources */,
				98F7AF7D2A488DCF004D526B /* GuitarEffectEngine.swift in Sources */,
				98F7AF5C2A488183004D526B /* SceneDelegate.swift in Sources */,
			);
			runOnlyForDeploymentPostprocessing = 0;
		};
/* End PBXSourcesBuildPhase section */

/* Begin PBXTargetDependency section */
		986BD5C52B8CD2AA00AF212E /* PBXTargetDependency */ = {
			isa = PBXTargetDependency;
			target = 98F7AF552A488183004D526B /* GuitarEffectApp */;
			targetProxy = 986BD5C42B8CD2AA00AF212E /* PBXContainerItemProxy */;
		};
/* End PBXTargetDependency section */

/* Begin PBXVariantGroup section */
		98F7AF5F2A488183004D526B /* Main.storyboard */ = {
			isa = PBXVariantGroup;
			children = (
				98F7AF602A488183004D526B /* Base */,
			);
			name = Main.storyboard;
			sourceTree = "<group>";
		};
		98F7AF642A488183004D526B /* LaunchScreen.storyboard */ = {
			isa = PBXVariantGroup;
			children = (
				98F7AF652A488183004D526B /* Base */,
			);
			name = LaunchScreen.storyboard;
			sourceTree = "<group>";
		};
/* End PBXVariantGroup section */

/* Begin XCBuildConfiguration section */
		986BD5C72B8CD2AA00AF212E /* Debug */ = {
			isa = XCBuildConfiguration;
			buildSettings = {
				ASSETCATALOG_COMPILER_GENERATE_SWIFT_ASSET_SYMBOL_EXTENSIONS = YES;
				CODE_SIGN_STYLE = Automatic;
				CURRENT_PROJECT_VERSION = 1;
				DEVELOPMENT_TEAM = NQ2VLM7NM7;
				ENABLE_USER_SCRIPT_SANDBOXING = YES;
				GCC_C_LANGUAGE_STANDARD = gnu17;
				GENERATE_INFOPLIST_FILE = YES;
				IPHONEOS_DEPLOYMENT_TARGET = 17.2;
				LOCALIZATION_PREFERS_STRING_CATALOGS = YES;
				MARKETING_VERSION = 1.0;
				PRODUCT_BUNDLE_IDENTIFIER = com.synervoz.GuitarEffectAppUITests;
				PRODUCT_NAME = "$(TARGET_NAME)";
				SWIFT_ACTIVE_COMPILATION_CONDITIONS = "DEBUG $(inherited)";
				SWIFT_EMIT_LOC_STRINGS = NO;
				SWIFT_VERSION = 5.0;
				TARGETED_DEVICE_FAMILY = "1,2";
				TEST_TARGET_NAME = GuitarEffectApp;
			};
			name = Debug;
		};
		986BD5C82B8CD2AA00AF212E /* Release */ = {
			isa = XCBuildConfiguration;
			buildSettings = {
				ASSETCATALOG_COMPILER_GENERATE_SWIFT_ASSET_SYMBOL_EXTENSIONS = YES;
				CODE_SIGN_STYLE = Automatic;
				CURRENT_PROJECT_VERSION = 1;
				DEVELOPMENT_TEAM = NQ2VLM7NM7;
				ENABLE_USER_SCRIPT_SANDBOXING = YES;
				GCC_C_LANGUAGE_STANDARD = gnu17;
				GENERATE_INFOPLIST_FILE = YES;
				IPHONEOS_DEPLOYMENT_TARGET = 17.2;
				LOCALIZATION_PREFERS_STRING_CATALOGS = YES;
				MARKETING_VERSION = 1.0;
				PRODUCT_BUNDLE_IDENTIFIER = com.synervoz.GuitarEffectAppUITests;
				PRODUCT_NAME = "$(TARGET_NAME)";
				SWIFT_EMIT_LOC_STRINGS = NO;
				SWIFT_VERSION = 5.0;
				TARGETED_DEVICE_FAMILY = "1,2";
				TEST_TARGET_NAME = GuitarEffectApp;
			};
			name = Release;
		};
		98F7AF682A488183004D526B /* Debug */ = {
			isa = XCBuildConfiguration;
			buildSettings = {
				ALWAYS_SEARCH_USER_PATHS = NO;
				CLANG_ANALYZER_NONNULL = YES;
				CLANG_ANALYZER_NUMBER_OBJECT_CONVERSION = YES_AGGRESSIVE;
				CLANG_CXX_LANGUAGE_STANDARD = "gnu++20";
				CLANG_ENABLE_MODULES = YES;
				CLANG_ENABLE_OBJC_ARC = YES;
				CLANG_ENABLE_OBJC_WEAK = YES;
				CLANG_WARN_BLOCK_CAPTURE_AUTORELEASING = YES;
				CLANG_WARN_BOOL_CONVERSION = YES;
				CLANG_WARN_COMMA = YES;
				CLANG_WARN_CONSTANT_CONVERSION = YES;
				CLANG_WARN_DEPRECATED_OBJC_IMPLEMENTATIONS = YES;
				CLANG_WARN_DIRECT_OBJC_ISA_USAGE = YES_ERROR;
				CLANG_WARN_DOCUMENTATION_COMMENTS = YES;
				CLANG_WARN_EMPTY_BODY = YES;
				CLANG_WARN_ENUM_CONVERSION = YES;
				CLANG_WARN_INFINITE_RECURSION = YES;
				CLANG_WARN_INT_CONVERSION = YES;
				CLANG_WARN_NON_LITERAL_NULL_CONVERSION = YES;
				CLANG_WARN_OBJC_IMPLICIT_RETAIN_SELF = YES;
				CLANG_WARN_OBJC_LITERAL_CONVERSION = YES;
				CLANG_WARN_OBJC_ROOT_CLASS = YES_ERROR;
				CLANG_WARN_QUOTED_INCLUDE_IN_FRAMEWORK_HEADER = YES;
				CLANG_WARN_RANGE_LOOP_ANALYSIS = YES;
				CLANG_WARN_STRICT_PROTOTYPES = YES;
				CLANG_WARN_SUSPICIOUS_MOVE = YES;
				CLANG_WARN_UNGUARDED_AVAILABILITY = YES_AGGRESSIVE;
				CLANG_WARN_UNREACHABLE_CODE = YES;
				CLANG_WARN__DUPLICATE_METHOD_MATCH = YES;
				COPY_PHASE_STRIP = NO;
				DEBUG_INFORMATION_FORMAT = dwarf;
				ENABLE_STRICT_OBJC_MSGSEND = YES;
				ENABLE_TESTABILITY = YES;
				GCC_C_LANGUAGE_STANDARD = gnu11;
				GCC_DYNAMIC_NO_PIC = NO;
				GCC_NO_COMMON_BLOCKS = YES;
				GCC_OPTIMIZATION_LEVEL = 0;
				GCC_PREPROCESSOR_DEFINITIONS = (
					"DEBUG=1",
					"$(inherited)",
				);
				GCC_WARN_64_TO_32_BIT_CONVERSION = YES;
				GCC_WARN_ABOUT_RETURN_TYPE = YES_ERROR;
				GCC_WARN_UNDECLARED_SELECTOR = YES;
				GCC_WARN_UNINITIALIZED_AUTOS = YES_AGGRESSIVE;
				GCC_WARN_UNUSED_FUNCTION = YES;
				GCC_WARN_UNUSED_VARIABLE = YES;
				IPHONEOS_DEPLOYMENT_TARGET = 16.4;
				MTL_ENABLE_DEBUG_INFO = INCLUDE_SOURCE;
				MTL_FAST_MATH = YES;
				ONLY_ACTIVE_ARCH = YES;
				SDKROOT = iphoneos;
				SWIFT_ACTIVE_COMPILATION_CONDITIONS = DEBUG;
				SWIFT_OPTIMIZATION_LEVEL = "-Onone";
			};
			name = Debug;
		};
		98F7AF692A488183004D526B /* Release */ = {
			isa = XCBuildConfiguration;
			buildSettings = {
				ALWAYS_SEARCH_USER_PATHS = NO;
				CLANG_ANALYZER_NONNULL = YES;
				CLANG_ANALYZER_NUMBER_OBJECT_CONVERSION = YES_AGGRESSIVE;
				CLANG_CXX_LANGUAGE_STANDARD = "gnu++20";
				CLANG_ENABLE_MODULES = YES;
				CLANG_ENABLE_OBJC_ARC = YES;
				CLANG_ENABLE_OBJC_WEAK = YES;
				CLANG_WARN_BLOCK_CAPTURE_AUTORELEASING = YES;
				CLANG_WARN_BOOL_CONVERSION = YES;
				CLANG_WARN_COMMA = YES;
				CLANG_WARN_CONSTANT_CONVERSION = YES;
				CLANG_WARN_DEPRECATED_OBJC_IMPLEMENTATIONS = YES;
				CLANG_WARN_DIRECT_OBJC_ISA_USAGE = YES_ERROR;
				CLANG_WARN_DOCUMENTATION_COMMENTS = YES;
				CLANG_WARN_EMPTY_BODY = YES;
				CLANG_WARN_ENUM_CONVERSION = YES;
				CLANG_WARN_INFINITE_RECURSION = YES;
				CLANG_WARN_INT_CONVERSION = YES;
				CLANG_WARN_NON_LITERAL_NULL_CONVERSION = YES;
				CLANG_WARN_OBJC_IMPLICIT_RETAIN_SELF = YES;
				CLANG_WARN_OBJC_LITERAL_CONVERSION = YES;
				CLANG_WARN_OBJC_ROOT_CLASS = YES_ERROR;
				CLANG_WARN_QUOTED_INCLUDE_IN_FRAMEWORK_HEADER = YES;
				CLANG_WARN_RANGE_LOOP_ANALYSIS = YES;
				CLANG_WARN_STRICT_PROTOTYPES = YES;
				CLANG_WARN_SUSPICIOUS_MOVE = YES;
				CLANG_WARN_UNGUARDED_AVAILABILITY = YES_AGGRESSIVE;
				CLANG_WARN_UNREACHABLE_CODE = YES;
				CLANG_WARN__DUPLICATE_METHOD_MATCH = YES;
				COPY_PHASE_STRIP = NO;
				DEBUG_INFORMATION_FORMAT = "dwarf-with-dsym";
				ENABLE_NS_ASSERTIONS = NO;
				ENABLE_STRICT_OBJC_MSGSEND = YES;
				GCC_C_LANGUAGE_STANDARD = gnu11;
				GCC_NO_COMMON_BLOCKS = YES;
				GCC_WARN_64_TO_32_BIT_CONVERSION = YES;
				GCC_WARN_ABOUT_RETURN_TYPE = YES_ERROR;
				GCC_WARN_UNDECLARED_SELECTOR = YES;
				GCC_WARN_UNINITIALIZED_AUTOS = YES_AGGRESSIVE;
				GCC_WARN_UNUSED_FUNCTION = YES;
				GCC_WARN_UNUSED_VARIABLE = YES;
				IPHONEOS_DEPLOYMENT_TARGET = 16.4;
				MTL_ENABLE_DEBUG_INFO = NO;
				MTL_FAST_MATH = YES;
				SDKROOT = iphoneos;
				SWIFT_COMPILATION_MODE = wholemodule;
				SWIFT_OPTIMIZATION_LEVEL = "-O";
				VALIDATE_PRODUCT = YES;
			};
			name = Release;
		};
		98F7AF6B2A488183004D526B /* Debug */ = {
			isa = XCBuildConfiguration;
			buildSettings = {
				ASSETCATALOG_COMPILER_APPICON_NAME = AppIcon;
				ASSETCATALOG_COMPILER_GLOBAL_ACCENT_COLOR_NAME = AccentColor;
				CODE_SIGN_STYLE = Automatic;
				CURRENT_PROJECT_VERSION = 1;
				DEVELOPMENT_TEAM = NQ2VLM7NM7;
				GENERATE_INFOPLIST_FILE = YES;
				INFOPLIST_FILE = GuitarEffectApp/Info.plist;
				INFOPLIST_KEY_NSMicrophoneUsageDescription = "This app needs to receive audio from a guitar.";
				INFOPLIST_KEY_UIApplicationSupportsIndirectInputEvents = YES;
				INFOPLIST_KEY_UILaunchStoryboardName = LaunchScreen;
				INFOPLIST_KEY_UIMainStoryboardFile = Main;
				INFOPLIST_KEY_UISupportedInterfaceOrientations = UIInterfaceOrientationPortrait;
				INFOPLIST_KEY_UISupportedInterfaceOrientations_iPad = "UIInterfaceOrientationPortrait UIInterfaceOrientationPortraitUpsideDown";
				LD_RUNPATH_SEARCH_PATHS = (
					"$(inherited)",
					"@executable_path/Frameworks",
				);
				MARKETING_VERSION = 1.0;
				PRODUCT_BUNDLE_IDENTIFIER = com.synervoz.GuitarEffectApp;
				PRODUCT_NAME = "$(TARGET_NAME)";
				SWIFT_EMIT_LOC_STRINGS = YES;
				SWIFT_VERSION = 5.0;
				TARGETED_DEVICE_FAMILY = "1,2";
			};
			name = Debug;
		};
		98F7AF6C2A488183004D526B /* Release */ = {
			isa = XCBuildConfiguration;
			buildSettings = {
				ASSETCATALOG_COMPILER_APPICON_NAME = AppIcon;
				ASSETCATALOG_COMPILER_GLOBAL_ACCENT_COLOR_NAME = AccentColor;
				CODE_SIGN_STYLE = Automatic;
				CURRENT_PROJECT_VERSION = 1;
				DEVELOPMENT_TEAM = NQ2VLM7NM7;
				GENERATE_INFOPLIST_FILE = YES;
				INFOPLIST_FILE = GuitarEffectApp/Info.plist;
				INFOPLIST_KEY_NSMicrophoneUsageDescription = "This app needs to receive audio from a guitar.";
				INFOPLIST_KEY_UIApplicationSupportsIndirectInputEvents = YES;
				INFOPLIST_KEY_UILaunchStoryboardName = LaunchScreen;
				INFOPLIST_KEY_UIMainStoryboardFile = Main;
				INFOPLIST_KEY_UISupportedInterfaceOrientations = UIInterfaceOrientationPortrait;
				INFOPLIST_KEY_UISupportedInterfaceOrientations_iPad = "UIInterfaceOrientationPortrait UIInterfaceOrientationPortraitUpsideDown";
				LD_RUNPATH_SEARCH_PATHS = (
					"$(inherited)",
					"@executable_path/Frameworks",
				);
				MARKETING_VERSION = 1.0;
				PRODUCT_BUNDLE_IDENTIFIER = com.synervoz.GuitarEffectApp;
				PRODUCT_NAME = "$(TARGET_NAME)";
				SWIFT_EMIT_LOC_STRINGS = YES;
				SWIFT_VERSION = 5.0;
				TARGETED_DEVICE_FAMILY = "1,2";
			};
			name = Release;
		};
/* End XCBuildConfiguration section */

/* Begin XCConfigurationList section */
		986BD5C62B8CD2AA00AF212E /* Build configuration list for PBXNativeTarget "GuitarEffectAppUITests" */ = {
			isa = XCConfigurationList;
			buildConfigurations = (
				986BD5C72B8CD2AA00AF212E /* Debug */,
				986BD5C82B8CD2AA00AF212E /* Release */,
			);
			defaultConfigurationIsVisible = 0;
			defaultConfigurationName = Release;
		};
		98F7AF512A488183004D526B /* Build configuration list for PBXProject "GuitarEffectApp" */ = {
			isa = XCConfigurationList;
			buildConfigurations = (
				98F7AF682A488183004D526B /* Debug */,
				98F7AF692A488183004D526B /* Release */,
			);
			defaultConfigurationIsVisible = 0;
			defaultConfigurationName = Release;
		};
		98F7AF6A2A488183004D526B /* Build configuration list for PBXNativeTarget "GuitarEffectApp" */ = {
			isa = XCConfigurationList;
			buildConfigurations = (
				98F7AF6B2A488183004D526B /* Debug */,
				98F7AF6C2A488183004D526B /* Release */,
			);
			defaultConfigurationIsVisible = 0;
			defaultConfigurationName = Release;
		};
/* End XCConfigurationList section */

/* Begin XCRemoteSwiftPackageReference section */
		985D73A42A7482ED001A0DFF /* XCRemoteSwiftPackageReference "switchboard-sdk-ios" */ = {
			isa = XCRemoteSwiftPackageReference;
			repositoryURL = "https://github.com/switchboard-sdk/switchboard-sdk-ios";
			requirement = {
				kind = exactVersion;
				version = 1.9.0;
			};
		};
/* End XCRemoteSwiftPackageReference section */

/* Begin XCSwiftPackageProductDependency section */
		985D73A52A7482ED001A0DFF /* SwitchboardSDK */ = {
			isa = XCSwiftPackageProductDependency;
			package = 985D73A42A7482ED001A0DFF /* XCRemoteSwiftPackageReference "switchboard-sdk-ios" */;
			productName = SwitchboardSDK;
		};
		985D73A72A7482ED001A0DFF /* SwitchboardSuperpowered */ = {
			isa = XCSwiftPackageProductDependency;
			package = 985D73A42A7482ED001A0DFF /* XCRemoteSwiftPackageReference "switchboard-sdk-ios" */;
			productName = SwitchboardSuperpowered;
		};
		985D73A92A7482ED001A0DFF /* SwitchboardUI */ = {
			isa = XCSwiftPackageProductDependency;
			package = 985D73A42A7482ED001A0DFF /* XCRemoteSwiftPackageReference "switchboard-sdk-ios" */;
			productName = SwitchboardUI;
		};
/* End XCSwiftPackageProductDependency section */
	};
	rootObject = 98F7AF4E2A488183004D526B /* Project object */;
}
